
Microsoft Visual Studio Solution File, Format Version 12.00
# Visual Studio Version 17
VisualStudioVersion = 17.8.34322.80
MinimumVisualStudioVersion = 10.0.40219.1
Project("{FAE04EC0-301F-11D3-BF4B-00C04F79EFBC}") = "CleanArchMvc.Domain", "CleanArchMvc.Domain\CleanArchMvc.Domain.csproj", "{67589643-158C-48BA-A571-13CFDE87AF36}"
EndProject
Project("{FAE04EC0-301F-11D3-BF4B-00C04F79EFBC}") = "CleanArchMvc.Application", "CleanArchMvc.Application\CleanArchMvc.Application.csproj", "{5092AB00-4402-4470-90A5-32C04DAAD13A}"
EndProject
Project("{FAE04EC0-301F-11D3-BF4B-00C04F79EFBC}") = "CleanArchMvc.Infra.Data", "CleanArchMvc.Infra.Data\CleanArchMvc.Infra.Data.csproj", "{030068F6-7E9C-4C98-96C4-F3C29E134A89}"
EndProject
Project("{FAE04EC0-301F-11D3-BF4B-00C04F79EFBC}") = "CleanArchMvc.Infrfa.Ioc", "CleanArchMvc.Infrfa.Ioc\CleanArchMvc.Infrfa.Ioc.csproj", "{E4D71AE3-ADD8-4653-B770-D9D5E13C8F3C}"
EndProject
Project("{FAE04EC0-301F-11D3-BF4B-00C04F79EFBC}") = "CleanArchMvc.WebUI", "CleanArchMvc.WebUI\CleanArchMvc.WebUI.csproj", "{7FC3C9EA-02F4-48B0-A304-034620FF71CA}"
EndProject
Global
	GlobalSection(SolutionConfigurationPlatforms) = preSolution
		Debug|Any CPU = Debug|Any CPU
		Release|Any CPU = Release|Any CPU
	EndGlobalSection
	GlobalSection(ProjectConfigurationPlatforms) = postSolution
		{67589643-158C-48BA-A571-13CFDE87AF36}.Debug|Any CPU.ActiveCfg = Debug|Any CPU
		{67589643-158C-48BA-A571-13CFDE87AF36}.Debug|Any CPU.Build.0 = Debug|Any CPU
		{67589643-158C-48BA-A571-13CFDE87AF36}.Release|Any CPU.ActiveCfg = Release|Any CPU
		{67589643-158C-48BA-A571-13CFDE87AF36}.Release|Any CPU.Build.0 = Release|Any CPU
		{5092AB00-4402-4470-90A5-32C04DAAD13A}.Debug|Any CPU.ActiveCfg = Debug|Any CPU
		{5092AB00-4402-4470-90A5-32C04DAAD13A}.Debug|Any CPU.Build.0 = Debug|Any CPU
		{5092AB00-4402-4470-90A5-32C04DAAD13A}.Release|Any CPU.ActiveCfg = Release|Any CPU
		{5092AB00-4402-4470-90A5-32C04DAAD13A}.Release|Any CPU.Build.0 = Release|Any CPU
		{030068F6-7E9C-4C98-96C4-F3C29E134A89}.Debug|Any CPU.ActiveCfg = Debug|Any CPU
		{030068F6-7E9C-4C98-96C4-F3C29E134A89}.Debug|Any CPU.Build.0 = Debug|Any CPU
		{030068F6-7E9C-4C98-96C4-F3C29E134A89}.Release|Any CPU.ActiveCfg = Release|Any CPU
		{030068F6-7E9C-4C98-96C4-F3C29E134A89}.Release|Any CPU.Build.0 = Release|Any CPU
		{E4D71AE3-ADD8-4653-B770-D9D5E13C8F3C}.Debug|Any CPU.ActiveCfg = Debug|Any CPU
		{E4D71AE3-ADD8-4653-B770-D9D5E13C8F3C}.Debug|Any CPU.Build.0 = Debug|Any CPU
		{E4D71AE3-ADD8-4653-B770-D9D5E13C8F3C}.Release|Any CPU.ActiveCfg = Release|Any CPU
		{E4D71AE3-ADD8-4653-B770-D9D5E13C8F3C}.Release|Any CPU.Build.0 = Release|Any CPU
		{7FC3C9EA-02F4-48B0-A304-034620FF71CA}.Debug|Any CPU.ActiveCfg = Debug|Any CPU
		{7FC3C9EA-02F4-48B0-A304-034620FF71CA}.Debug|Any CPU.Build.0 = Debug|Any CPU
		{7FC3C9EA-02F4-48B0-A304-034620FF71CA}.Release|Any CPU.ActiveCfg = Release|Any CPU
		{7FC3C9EA-02F4-48B0-A304-034620FF71CA}.Release|Any CPU.Build.0 = Release|Any CPU
	EndGlobalSection
	GlobalSection(SolutionProperties) = preSolution
		HideSolutionNode = FALSE
	EndGlobalSection
	GlobalSection(ExtensibilityGlobals) = postSolution
		SolutionGuid = {C25E6389-FC83-4A16-AAFE-8E87F4EBE2D1}
	EndGlobalSection
EndGlobal
